
Microsoft Visual Studio Solution File, Format Version 12.00
# Visual Studio Version 16
VisualStudioVersion = 25.0.1705.1
MinimumVisualStudioVersion = 10.0.40219.1
Project("{FAE04EC0-301F-11D3-BF4B-00C04F79EFBC}") = "WebshopOOP", "WebshopOOP\WebshopOOP.csproj", "{89193FAD-0176-4BD8-94C8-D360D1784D1B}"
EndProject
Global
	GlobalSection(SolutionConfigurationPlatforms) = preSolution
		Debug|Any CPU = Debug|Any CPU
		Release|Any CPU = Release|Any CPU
	EndGlobalSection
	GlobalSection(ProjectConfigurationPlatforms) = postSolution
		{89193FAD-0176-4BD8-94C8-D360D1784D1B}.Debug|Any CPU.ActiveCfg = Debug|Any CPU
		{89193FAD-0176-4BD8-94C8-D360D1784D1B}.Debug|Any CPU.Build.0 = Debug|Any CPU
		{89193FAD-0176-4BD8-94C8-D360D1784D1B}.Release|Any CPU.ActiveCfg = Release|Any CPU
		{89193FAD-0176-4BD8-94C8-D360D1784D1B}.Release|Any CPU.Build.0 = Release|Any CPU
	EndGlobalSection
	GlobalSection(SolutionProperties) = preSolution
		HideSolutionNode = FALSE
	EndGlobalSection
	GlobalSection(ExtensibilityGlobals) = postSolution
		SolutionGuid = {BAD43542-314C-4228-8B0B-1B8406431F13}
	EndGlobalSection
EndGlobal
